
Microsoft Visual Studio Solution File, Format Version 11.00
# Visual Studio 2010
Project("{E097FAD1-6243-4DAD-9C02-E9B9EFC3FFC1}") = "Assembly-CSharp", "Assembly-CSharp.csproj", "{3DC5672B-D172-71EB-86C7-0A8DBCD8E0A1}"
EndProject
Project("{E097FAD1-6243-4DAD-9C02-E9B9EFC3FFC1}") = "Assembly-CSharp-Editor-firstpass", "Assembly-CSharp-Editor-firstpass.csproj", "{428ED5C4-717C-4612-66F8-A6E122918DBD}"
EndProject
Global
	GlobalSection(SolutionConfigurationPlatforms) = preSolution
		Debug|Any CPU = Debug|Any CPU
		Release|Any CPU = Release|Any CPU
	EndGlobalSection
	GlobalSection(ProjectConfigurationPlatforms) = postSolution
		{3DC5672B-D172-71EB-86C7-0A8DBCD8E0A1}.Debug|Any CPU.ActiveCfg = Debug|Any CPU
		{3DC5672B-D172-71EB-86C7-0A8DBCD8E0A1}.Debug|Any CPU.Build.0 = Debug|Any CPU
		{3DC5672B-D172-71EB-86C7-0A8DBCD8E0A1}.Release|Any CPU.ActiveCfg = Release|Any CPU
		{3DC5672B-D172-71EB-86C7-0A8DBCD8E0A1}.Release|Any CPU.Build.0 = Release|Any CPU
		{428ED5C4-717C-4612-66F8-A6E122918DBD}.Debug|Any CPU.ActiveCfg = Debug|Any CPU
		{428ED5C4-717C-4612-66F8-A6E122918DBD}.Debug|Any CPU.Build.0 = Debug|Any CPU
		{428ED5C4-717C-4612-66F8-A6E122918DBD}.Release|Any CPU.ActiveCfg = Release|Any CPU
		{428ED5C4-717C-4612-66F8-A6E122918DBD}.Release|Any CPU.Build.0 = Release|Any CPU
	EndGlobalSection
	GlobalSection(SolutionProperties) = preSolution
		HideSolutionNode = FALSE
	EndGlobalSection
	GlobalSection(MonoDevelopProperties) = preSolution
		StartupItem = Assembly-CSharp.csproj
	EndGlobalSection
EndGlobal
